
Microsoft Visual Studio Solution File, Format Version 12.00
# Visual Studio Version 17
VisualStudioVersion = 17.14.36408.4 d17.14
MinimumVisualStudioVersion = 10.0.40219.1
Project("{FAE04EC0-301F-11D3-BF4B-00C04F79EFBC}") = "28.Matrices", "28.Matrices\28.Matrices.csproj", "{5B0F0F94-5AED-4EBE-A1DF-E3A43879E386}"
EndProject
Global
	GlobalSection(SolutionConfigurationPlatforms) = preSolution
		Debug|Any CPU = Debug|Any CPU
		Release|Any CPU = Release|Any CPU
	EndGlobalSection
	GlobalSection(ProjectConfigurationPlatforms) = postSolution
		{5B0F0F94-5AED-4EBE-A1DF-E3A43879E386}.Debug|Any CPU.ActiveCfg = Debug|Any CPU
		{5B0F0F94-5AED-4EBE-A1DF-E3A43879E386}.Debug|Any CPU.Build.0 = Debug|Any CPU
		{5B0F0F94-5AED-4EBE-A1DF-E3A43879E386}.Release|Any CPU.ActiveCfg = Release|Any CPU
		{5B0F0F94-5AED-4EBE-A1DF-E3A43879E386}.Release|Any CPU.Build.0 = Release|Any CPU
	EndGlobalSection
	GlobalSection(SolutionProperties) = preSolution
		HideSolutionNode = FALSE
	EndGlobalSection
	GlobalSection(ExtensibilityGlobals) = postSolution
		SolutionGuid = {5111542D-1093-439F-810E-9136B77F25F9}
	EndGlobalSection
EndGlobal
