
Microsoft Visual Studio Solution File, Format Version 12.00
# Visual Studio Version 17
VisualStudioVersion = 17.14.36408.4 d17.14
MinimumVisualStudioVersion = 10.0.40219.1
Project("{FAE04EC0-301F-11D3-BF4B-00C04F79EFBC}") = "11.While3", "11.While3\11.While3.csproj", "{BBCEF64F-6216-4C6B-9169-997A60E35638}"
EndProject
Global
	GlobalSection(SolutionConfigurationPlatforms) = preSolution
		Debug|Any CPU = Debug|Any CPU
		Release|Any CPU = Release|Any CPU
	EndGlobalSection
	GlobalSection(ProjectConfigurationPlatforms) = postSolution
		{BBCEF64F-6216-4C6B-9169-997A60E35638}.Debug|Any CPU.ActiveCfg = Debug|Any CPU
		{BBCEF64F-6216-4C6B-9169-997A60E35638}.Debug|Any CPU.Build.0 = Debug|Any CPU
		{BBCEF64F-6216-4C6B-9169-997A60E35638}.Release|Any CPU.ActiveCfg = Release|Any CPU
		{BBCEF64F-6216-4C6B-9169-997A60E35638}.Release|Any CPU.Build.0 = Release|Any CPU
	EndGlobalSection
	GlobalSection(SolutionProperties) = preSolution
		HideSolutionNode = FALSE
	EndGlobalSection
	GlobalSection(ExtensibilityGlobals) = postSolution
		SolutionGuid = {AC6E92C0-3F12-460D-ABAA-6228C54EBBFF}
	EndGlobalSection
EndGlobal
