
Microsoft Visual Studio Solution File, Format Version 12.00
# Visual Studio Version 17
VisualStudioVersion = 17.14.36408.4 d17.14
MinimumVisualStudioVersion = 10.0.40219.1
Project("{FAE04EC0-301F-11D3-BF4B-00C04F79EFBC}") = "25.Vectores", "25.Vectores\25.Vectores.csproj", "{C4D995EC-D197-41BF-BAE9-9F11B3B45220}"
EndProject
Global
	GlobalSection(SolutionConfigurationPlatforms) = preSolution
		Debug|Any CPU = Debug|Any CPU
		Release|Any CPU = Release|Any CPU
	EndGlobalSection
	GlobalSection(ProjectConfigurationPlatforms) = postSolution
		{C4D995EC-D197-41BF-BAE9-9F11B3B45220}.Debug|Any CPU.ActiveCfg = Debug|Any CPU
		{C4D995EC-D197-41BF-BAE9-9F11B3B45220}.Debug|Any CPU.Build.0 = Debug|Any CPU
		{C4D995EC-D197-41BF-BAE9-9F11B3B45220}.Release|Any CPU.ActiveCfg = Release|Any CPU
		{C4D995EC-D197-41BF-BAE9-9F11B3B45220}.Release|Any CPU.Build.0 = Release|Any CPU
	EndGlobalSection
	GlobalSection(SolutionProperties) = preSolution
		HideSolutionNode = FALSE
	EndGlobalSection
	GlobalSection(ExtensibilityGlobals) = postSolution
		SolutionGuid = {FAA75F00-8B58-4038-A440-EFF59A24BB88}
	EndGlobalSection
EndGlobal
