
Microsoft Visual Studio Solution File, Format Version 12.00
# Visual Studio Version 17
VisualStudioVersion = 17.14.36408.4 d17.14
MinimumVisualStudioVersion = 10.0.40219.1
Project("{FAE04EC0-301F-11D3-BF4B-00C04F79EFBC}") = "29.Matrices", "29.Matrices\29.Matrices.csproj", "{2EEC81E8-3C29-4FA1-879C-62535B0CBCBD}"
EndProject
Global
	GlobalSection(SolutionConfigurationPlatforms) = preSolution
		Debug|Any CPU = Debug|Any CPU
		Release|Any CPU = Release|Any CPU
	EndGlobalSection
	GlobalSection(ProjectConfigurationPlatforms) = postSolution
		{2EEC81E8-3C29-4FA1-879C-62535B0CBCBD}.Debug|Any CPU.ActiveCfg = Debug|Any CPU
		{2EEC81E8-3C29-4FA1-879C-62535B0CBCBD}.Debug|Any CPU.Build.0 = Debug|Any CPU
		{2EEC81E8-3C29-4FA1-879C-62535B0CBCBD}.Release|Any CPU.ActiveCfg = Release|Any CPU
		{2EEC81E8-3C29-4FA1-879C-62535B0CBCBD}.Release|Any CPU.Build.0 = Release|Any CPU
	EndGlobalSection
	GlobalSection(SolutionProperties) = preSolution
		HideSolutionNode = FALSE
	EndGlobalSection
	GlobalSection(ExtensibilityGlobals) = postSolution
		SolutionGuid = {E7A3054C-DDC8-41DF-9EB2-42AD1B70888E}
	EndGlobalSection
EndGlobal
