
Microsoft Visual Studio Solution File, Format Version 12.00
# Visual Studio Version 17
VisualStudioVersion = 17.14.36408.4 d17.14
MinimumVisualStudioVersion = 10.0.40219.1
Project("{FAE04EC0-301F-11D3-BF4B-00C04F79EFBC}") = "16.While8", "16.While8\16.While8.csproj", "{A263993D-27D5-4320-85B7-B3E036392E4C}"
EndProject
Global
	GlobalSection(SolutionConfigurationPlatforms) = preSolution
		Debug|Any CPU = Debug|Any CPU
		Release|Any CPU = Release|Any CPU
	EndGlobalSection
	GlobalSection(ProjectConfigurationPlatforms) = postSolution
		{A263993D-27D5-4320-85B7-B3E036392E4C}.Debug|Any CPU.ActiveCfg = Debug|Any CPU
		{A263993D-27D5-4320-85B7-B3E036392E4C}.Debug|Any CPU.Build.0 = Debug|Any CPU
		{A263993D-27D5-4320-85B7-B3E036392E4C}.Release|Any CPU.ActiveCfg = Release|Any CPU
		{A263993D-27D5-4320-85B7-B3E036392E4C}.Release|Any CPU.Build.0 = Release|Any CPU
	EndGlobalSection
	GlobalSection(SolutionProperties) = preSolution
		HideSolutionNode = FALSE
	EndGlobalSection
	GlobalSection(ExtensibilityGlobals) = postSolution
		SolutionGuid = {7C4AA192-E7BF-49DA-BC83-DF9E09185AF6}
	EndGlobalSection
EndGlobal
