
Microsoft Visual Studio Solution File, Format Version 12.00
# Visual Studio Version 17
VisualStudioVersion = 17.14.36408.4 d17.14
MinimumVisualStudioVersion = 10.0.40219.1
Project("{FAE04EC0-301F-11D3-BF4B-00C04F79EFBC}") = "12.While4", "12.While4\12.While4.csproj", "{B2490DF9-4422-48DB-B405-28BE84593153}"
EndProject
Global
	GlobalSection(SolutionConfigurationPlatforms) = preSolution
		Debug|Any CPU = Debug|Any CPU
		Release|Any CPU = Release|Any CPU
	EndGlobalSection
	GlobalSection(ProjectConfigurationPlatforms) = postSolution
		{B2490DF9-4422-48DB-B405-28BE84593153}.Debug|Any CPU.ActiveCfg = Debug|Any CPU
		{B2490DF9-4422-48DB-B405-28BE84593153}.Debug|Any CPU.Build.0 = Debug|Any CPU
		{B2490DF9-4422-48DB-B405-28BE84593153}.Release|Any CPU.ActiveCfg = Release|Any CPU
		{B2490DF9-4422-48DB-B405-28BE84593153}.Release|Any CPU.Build.0 = Release|Any CPU
	EndGlobalSection
	GlobalSection(SolutionProperties) = preSolution
		HideSolutionNode = FALSE
	EndGlobalSection
	GlobalSection(ExtensibilityGlobals) = postSolution
		SolutionGuid = {A0892244-0EA0-499A-B96D-EEF82053568B}
	EndGlobalSection
EndGlobal
