
Microsoft Visual Studio Solution File, Format Version 12.00
# Visual Studio Version 17
VisualStudioVersion = 17.14.36408.4 d17.14
MinimumVisualStudioVersion = 10.0.40219.1
Project("{FAE04EC0-301F-11D3-BF4B-00C04F79EFBC}") = "14.While6", "14.While6\14.While6.csproj", "{2799F0F6-86DC-400F-A017-B223A9013C28}"
EndProject
Global
	GlobalSection(SolutionConfigurationPlatforms) = preSolution
		Debug|Any CPU = Debug|Any CPU
		Release|Any CPU = Release|Any CPU
	EndGlobalSection
	GlobalSection(ProjectConfigurationPlatforms) = postSolution
		{2799F0F6-86DC-400F-A017-B223A9013C28}.Debug|Any CPU.ActiveCfg = Debug|Any CPU
		{2799F0F6-86DC-400F-A017-B223A9013C28}.Debug|Any CPU.Build.0 = Debug|Any CPU
		{2799F0F6-86DC-400F-A017-B223A9013C28}.Release|Any CPU.ActiveCfg = Release|Any CPU
		{2799F0F6-86DC-400F-A017-B223A9013C28}.Release|Any CPU.Build.0 = Release|Any CPU
	EndGlobalSection
	GlobalSection(SolutionProperties) = preSolution
		HideSolutionNode = FALSE
	EndGlobalSection
	GlobalSection(ExtensibilityGlobals) = postSolution
		SolutionGuid = {AC913AAE-8155-4F53-81D0-6B3FAE7C2D86}
	EndGlobalSection
EndGlobal
